<?xml version="1.0" encoding="UTF-8"?>
<CodeBlocks_project_file>
	<FileVersion major="1" minor="6"/>
	<Project>
		<Option title="DIPOA_Algorithm"/>
		<Option makefile_is_custom="1"/>
		<Option compiler="gcc"/>
		<Option virtualFolders="CMake Files\;"/>
		<Build>
			<Target title="all">
				<Option working_dir="/home/alireza/PhDRepository/implementations/DIPOA_Algorithm"/>
				<Option type="4"/>
				<MakeCommands>
					<Build command="/usr/bin/make -j8 -f &quot;/home/alireza/PhDRepository/implementations/DIPOA_Algorithm/Makefile&quot;  VERBOSE=1 all"/>
					<CompileFile command="/usr/bin/make -j8 -f &quot;/home/alireza/PhDRepository/implementations/DIPOA_Algorithm/Makefile&quot;  VERBOSE=1 &quot;$file&quot;"/>
					<Clean command="/usr/bin/make -j8 -f &quot;/home/alireza/PhDRepository/implementations/DIPOA_Algorithm/Makefile&quot;  VERBOSE=1 clean"/>
					<DistClean command="/usr/bin/make -j8 -f &quot;/home/alireza/PhDRepository/implementations/DIPOA_Algorithm/Makefile&quot;  VERBOSE=1 clean"/>
				</MakeCommands>
			</Target>
			<Target title="rebuild_cache">
				<Option working_dir="/home/alireza/PhDRepository/implementations/DIPOA_Algorithm"/>
				<Option type="4"/>
				<MakeCommands>
					<Build command="/usr/bin/make -j8 -f &quot;/home/alireza/PhDRepository/implementations/DIPOA_Algorithm/Makefile&quot;  VERBOSE=1 rebuild_cache"/>
					<CompileFile command="/usr/bin/make -j8 -f &quot;/home/alireza/PhDRepository/implementations/DIPOA_Algorithm/Makefile&quot;  VERBOSE=1 &quot;$file&quot;"/>
					<Clean command="/usr/bin/make -j8 -f &quot;/home/alireza/PhDRepository/implementations/DIPOA_Algorithm/Makefile&quot;  VERBOSE=1 clean"/>
					<DistClean command="/usr/bin/make -j8 -f &quot;/home/alireza/PhDRepository/implementations/DIPOA_Algorithm/Makefile&quot;  VERBOSE=1 clean"/>
				</MakeCommands>
			</Target>
			<Target title="edit_cache">
				<Option working_dir="/home/alireza/PhDRepository/implementations/DIPOA_Algorithm"/>
				<Option type="4"/>
				<MakeCommands>
					<Build command="/usr/bin/make -j8 -f &quot;/home/alireza/PhDRepository/implementations/DIPOA_Algorithm/Makefile&quot;  VERBOSE=1 edit_cache"/>
					<CompileFile command="/usr/bin/make -j8 -f &quot;/home/alireza/PhDRepository/implementations/DIPOA_Algorithm/Makefile&quot;  VERBOSE=1 &quot;$file&quot;"/>
					<Clean command="/usr/bin/make -j8 -f &quot;/home/alireza/PhDRepository/implementations/DIPOA_Algorithm/Makefile&quot;  VERBOSE=1 clean"/>
					<DistClean command="/usr/bin/make -j8 -f &quot;/home/alireza/PhDRepository/implementations/DIPOA_Algorithm/Makefile&quot;  VERBOSE=1 clean"/>
				</MakeCommands>
			</Target>
			<Target title="DIPOA">
				<Option output="/home/alireza/PhDRepository/implementations/DIPOA_Algorithm/DIPOA" prefix_auto="0" extension_auto="0"/>
				<Option working_dir="/home/alireza/PhDRepository/implementations/DIPOA_Algorithm"/>
				<Option object_output="./"/>
				<Option type="1"/>
				<Option compiler="gcc"/>
				<Compiler>
					<Add directory="/usr/include/c++/9"/>
					<Add directory="/usr/include/x86_64-linux-gnu/c++/9"/>
					<Add directory="/usr/include/c++/9/backward"/>
					<Add directory="/usr/lib/gcc/x86_64-linux-gnu/9/include"/>
					<Add directory="/usr/local/include"/>
					<Add directory="/usr/include/x86_64-linux-gnu"/>
					<Add directory="/usr/include"/>
				</Compiler>
				<MakeCommands>
					<Build command="/usr/bin/make -j8 -f &quot;/home/alireza/PhDRepository/implementations/DIPOA_Algorithm/Makefile&quot;  VERBOSE=1 DIPOA"/>
					<CompileFile command="/usr/bin/make -j8 -f &quot;/home/alireza/PhDRepository/implementations/DIPOA_Algorithm/Makefile&quot;  VERBOSE=1 &quot;$file&quot;"/>
					<Clean command="/usr/bin/make -j8 -f &quot;/home/alireza/PhDRepository/implementations/DIPOA_Algorithm/Makefile&quot;  VERBOSE=1 clean"/>
					<DistClean command="/usr/bin/make -j8 -f &quot;/home/alireza/PhDRepository/implementations/DIPOA_Algorithm/Makefile&quot;  VERBOSE=1 clean"/>
				</MakeCommands>
			</Target>
			<Target title="DIPOA/fast">
				<Option output="/home/alireza/PhDRepository/implementations/DIPOA_Algorithm/DIPOA" prefix_auto="0" extension_auto="0"/>
				<Option working_dir="/home/alireza/PhDRepository/implementations/DIPOA_Algorithm"/>
				<Option object_output="./"/>
				<Option type="1"/>
				<Option compiler="gcc"/>
				<Compiler>
					<Add directory="/usr/include/c++/9"/>
					<Add directory="/usr/include/x86_64-linux-gnu/c++/9"/>
					<Add directory="/usr/include/c++/9/backward"/>
					<Add directory="/usr/lib/gcc/x86_64-linux-gnu/9/include"/>
					<Add directory="/usr/local/include"/>
					<Add directory="/usr/include/x86_64-linux-gnu"/>
					<Add directory="/usr/include"/>
				</Compiler>
				<MakeCommands>
					<Build command="/usr/bin/make -j8 -f &quot;/home/alireza/PhDRepository/implementations/DIPOA_Algorithm/Makefile&quot;  VERBOSE=1 DIPOA/fast"/>
					<CompileFile command="/usr/bin/make -j8 -f &quot;/home/alireza/PhDRepository/implementations/DIPOA_Algorithm/Makefile&quot;  VERBOSE=1 &quot;$file&quot;"/>
					<Clean command="/usr/bin/make -j8 -f &quot;/home/alireza/PhDRepository/implementations/DIPOA_Algorithm/Makefile&quot;  VERBOSE=1 clean"/>
					<DistClean command="/usr/bin/make -j8 -f &quot;/home/alireza/PhDRepository/implementations/DIPOA_Algorithm/Makefile&quot;  VERBOSE=1 clean"/>
				</MakeCommands>
			</Target>
		</Build>
		<Unit filename="/home/alireza/PhDRepository/implementations/DIPOA_Algorithm/includes/DCCP.h">
			<Option target="DIPOA"/>
		</Unit>
		<Unit filename="/home/alireza/PhDRepository/implementations/DIPOA_Algorithm/includes/cut_generation.h">
			<Option target="DIPOA"/>
		</Unit>
		<Unit filename="/home/alireza/PhDRepository/implementations/DIPOA_Algorithm/includes/external_libs.h">
			<Option target="DIPOA"/>
		</Unit>
		<Unit filename="/home/alireza/PhDRepository/implementations/DIPOA_Algorithm/includes/master_milp.h">
			<Option target="DIPOA"/>
		</Unit>
		<Unit filename="/home/alireza/PhDRepository/implementations/DIPOA_Algorithm/includes/results.h">
			<Option target="DIPOA"/>
		</Unit>
		<Unit filename="/home/alireza/PhDRepository/implementations/DIPOA_Algorithm/includes/rhadmm.h">
			<Option target="DIPOA"/>
		</Unit>
		<Unit filename="/home/alireza/PhDRepository/implementations/DIPOA_Algorithm/includes/unc_solver.h">
			<Option target="DIPOA"/>
		</Unit>
		<Unit filename="/home/alireza/PhDRepository/implementations/DIPOA_Algorithm/main.cpp">
			<Option target="DIPOA"/>
		</Unit>
		<Unit filename="/home/alireza/PhDRepository/implementations/DIPOA_Algorithm/src/DCCP.cpp">
			<Option target="DIPOA"/>
		</Unit>
		<Unit filename="/home/alireza/PhDRepository/implementations/DIPOA_Algorithm/src/cut_generation.cpp">
			<Option target="DIPOA"/>
		</Unit>
		<Unit filename="/home/alireza/PhDRepository/implementations/DIPOA_Algorithm/src/master_milp.cpp">
			<Option target="DIPOA"/>
		</Unit>
		<Unit filename="/home/alireza/PhDRepository/implementations/DIPOA_Algorithm/src/rhadmm.cpp">
			<Option target="DIPOA"/>
		</Unit>
		<Unit filename="/home/alireza/PhDRepository/implementations/DIPOA_Algorithm/src/unc_solver.cpp">
			<Option target="DIPOA"/>
		</Unit>
		<Unit filename="/home/alireza/PhDRepository/implementations/DIPOA_Algorithm/test_functions/log_reg_random.h">
			<Option target="DIPOA"/>
		</Unit>
		<Unit filename="/home/alireza/PhDRepository/implementations/DIPOA_Algorithm/utils/results.cpp">
			<Option target="DIPOA"/>
		</Unit>
		<Unit filename="/home/alireza/PhDRepository/implementations/DIPOA_Algorithm/CMakeLists.txt">
			<Option virtualFolder="CMake Files\"/>
		</Unit>
	</Project>
</CodeBlocks_project_file>
